
Microsoft Visual Studio Solution File, Format Version 12.00
# Visual Studio Version 17
VisualStudioVersion = 17.3.32901.215
MinimumVisualStudioVersion = 10.0.40219.1
Project("{E24C65DC-7377-472B-9ABA-BC803B73C61A}") = "CoreShopVuePc", ".", "{9384635A-E1A0-412E-85F1-C42D981AFB31}"
	ProjectSection(WebsiteProperties) = preProject
		TargetFrameworkMoniker = ".NETFramework,Version%3Dv4.8"
		Debug.AspNetCompiler.VirtualPath = "/localhost_8524"
		Debug.AspNetCompiler.PhysicalPath = "..\CoreShopVuePc\"
		Debug.AspNetCompiler.TargetPath = "PrecompiledWeb\localhost_8524\"
		Debug.AspNetCompiler.Updateable = "true"
		Debug.AspNetCompiler.ForceOverwrite = "true"
		Debug.AspNetCompiler.FixedNames = "false"
		Debug.AspNetCompiler.Debug = "True"
		Release.AspNetCompiler.VirtualPath = "/localhost_8524"
		Release.AspNetCompiler.PhysicalPath = "..\CoreShopVuePc\"
		Release.AspNetCompiler.TargetPath = "PrecompiledWeb\localhost_8524\"
		Release.AspNetCompiler.Updateable = "true"
		Release.AspNetCompiler.ForceOverwrite = "true"
		Release.AspNetCompiler.FixedNames = "false"
		Release.AspNetCompiler.Debug = "False"
		VWDPort = "8524"
		SlnRelativePath = "..\CoreShopVuePc\"
	EndProjectSection
EndProject
Global
	GlobalSection(SolutionConfigurationPlatforms) = preSolution
		Debug|Any CPU = Debug|Any CPU
	EndGlobalSection
	GlobalSection(ProjectConfigurationPlatforms) = postSolution
		{9384635A-E1A0-412E-85F1-C42D981AFB31}.Debug|Any CPU.ActiveCfg = Debug|Any CPU
		{9384635A-E1A0-412E-85F1-C42D981AFB31}.Debug|Any CPU.Build.0 = Debug|Any CPU
	EndGlobalSection
	GlobalSection(SolutionProperties) = preSolution
		HideSolutionNode = FALSE
	EndGlobalSection
	GlobalSection(ExtensibilityGlobals) = postSolution
		SolutionGuid = {DDDDBD30-E754-4A62-90CC-9BF504E5F9CA}
	EndGlobalSection
EndGlobal
